
Microsoft Visual Studio Solution File, Format Version 12.00
# Visual Studio Version 17
VisualStudioVersion = 17.11.35327.3
MinimumVisualStudioVersion = 10.0.40219.1
Project("{2150E333-8FDC-42A3-9474-1A3956D46DE8}") = "Backend", "Backend", "{BE65E733-1EB0-450B-AC7E-C40B8D2B95B3}"
EndProject
Project("{2150E333-8FDC-42A3-9474-1A3956D46DE8}") = "Shared", "Shared", "{27DC8318-6252-4E64-85C8-08AB9ECD70EB}"
EndProject
Project("{9A19103F-16F7-4668-BE54-9A1E7A4F7556}") = "SharedKernel", "SharedKernel\SharedKernel.csproj", "{C565D9A0-CA71-4747-A66D-E963DA1F915D}"
EndProject
Project("{2150E333-8FDC-42A3-9474-1A3956D46DE8}") = "Gateway", "Gateway", "{55EFE571-D6FE-4DCA-9E3A-0356B51E860E}"
EndProject
Project("{9A19103F-16F7-4668-BE54-9A1E7A4F7556}") = "ApiGateway", "ApiGateway\ApiGateway.csproj", "{05DACEAC-7C0A-4263-AABF-3FC4F4FA5C38}"
EndProject
Project("{2150E333-8FDC-42A3-9474-1A3956D46DE8}") = "Services", "Services", "{6D0E75C9-385B-4EEA-A54A-7A2F380D3034}"
EndProject
Project("{2150E333-8FDC-42A3-9474-1A3956D46DE8}") = "IdentityService", "IdentityService", "{2FC4BAEF-29BE-4C01-A4C9-057BEED06869}"
EndProject
Project("{9A19103F-16F7-4668-BE54-9A1E7A4F7556}") = "IdentityService.API", "IdentityService.API\IdentityService.API.csproj", "{071E89BF-2E66-4C07-9C45-69B3B85C2301}"
EndProject
Project("{9A19103F-16F7-4668-BE54-9A1E7A4F7556}") = "IdentityService.Application", "IdentityService.Application\IdentityService.Application.csproj", "{094504BB-769E-4EA9-A6ED-2D2E4E64932C}"
EndProject
Project("{9A19103F-16F7-4668-BE54-9A1E7A4F7556}") = "IdentityService.Domain", "IdentityService.Domain\IdentityService.Domain.csproj", "{6054CD7E-D890-4A7D-B60E-CAC690F06F05}"
EndProject
Project("{9A19103F-16F7-4668-BE54-9A1E7A4F7556}") = "IdentityService.Infraestructure", "IdentityService.Infraestructure\IdentityService.Infraestructure.csproj", "{0316FEEE-033F-42C9-A8EC-20051A0DCD01}"
EndProject
Project("{2150E333-8FDC-42A3-9474-1A3956D46DE8}") = "DeliveryService", "DeliveryService", "{49366753-F7EB-42EC-B789-F093858F4DE9}"
EndProject
Project("{9A19103F-16F7-4668-BE54-9A1E7A4F7556}") = "DeliveryService.API", "DeliveryService.API\DeliveryService.API.csproj", "{680D8233-093E-49E6-8A46-8DBF274D056A}"
EndProject
Project("{9A19103F-16F7-4668-BE54-9A1E7A4F7556}") = "DeliveryService.Application", "DeliveryService.Application\DeliveryService.Application.csproj", "{9652FF70-CC8C-4ECB-845A-A0BC2A07DC5A}"
EndProject
Project("{9A19103F-16F7-4668-BE54-9A1E7A4F7556}") = "DeliveryService.Infraestructure", "DeliveryService.Infraestructure\DeliveryService.Infraestructure.csproj", "{E43E125E-96B9-410C-8172-73FECCDD9DDB}"
EndProject
Project("{9A19103F-16F7-4668-BE54-9A1E7A4F7556}") = "DeliveryService.Domain", "DeliveryService.Domain\DeliveryService.Domain.csproj", "{1EFDE6A3-CFE5-488C-B810-7FAE9B312EFB}"
EndProject
Project("{2150E333-8FDC-42A3-9474-1A3956D46DE8}") = "DepotService", "DepotService", "{1FA4D16D-486C-44A9-A0BA-23C14C13498C}"
EndProject
Project("{9A19103F-16F7-4668-BE54-9A1E7A4F7556}") = "DepotService.API", "DepotService.API\DepotService.API.csproj", "{1EF4FC0E-4053-4684-9967-13DEEC9451C1}"
EndProject
Project("{9A19103F-16F7-4668-BE54-9A1E7A4F7556}") = "DepotService.Application", "DepotService.Application\DepotService.Application.csproj", "{872D9FC2-C57D-45D8-B8DB-F66612D3D37F}"
EndProject
Project("{9A19103F-16F7-4668-BE54-9A1E7A4F7556}") = "DepotService.Infraestructure", "DepotService.Infraestructure\DepotService.Infraestructure.csproj", "{80B25873-AC22-41FC-8A8F-B79398FCAE01}"
EndProject
Project("{9A19103F-16F7-4668-BE54-9A1E7A4F7556}") = "DepotService.Domain", "DepotService.Domain\DepotService.Domain.csproj", "{108CF87E-9C15-4986-97BB-406CDBF5E62B}"
EndProject
Project("{2150E333-8FDC-42A3-9474-1A3956D46DE8}") = "AdminService", "AdminService", "{49462C70-46CA-4A5F-9616-1C209EEE0922}"
EndProject
Project("{9A19103F-16F7-4668-BE54-9A1E7A4F7556}") = "AdminService.API", "AdminService.API\AdminService.API.csproj", "{413B5D76-42E7-43D4-AA13-0625C3952563}"
	ProjectSection(ProjectDependencies) = postProject
		{16726529-D852-4182-A4E3-981270A3CC57} = {16726529-D852-4182-A4E3-981270A3CC57}
	EndProjectSection
EndProject
Project("{9A19103F-16F7-4668-BE54-9A1E7A4F7556}") = "AdminService.Application", "AdminService.Application\AdminService.Application.csproj", "{16726529-D852-4182-A4E3-981270A3CC57}"
	ProjectSection(ProjectDependencies) = postProject
		{32DED3C8-A38C-4FE1-BEA8-AA834279F45D} = {32DED3C8-A38C-4FE1-BEA8-AA834279F45D}
		{E74B6017-FB7C-4F02-B10E-49FC6A96BD5A} = {E74B6017-FB7C-4F02-B10E-49FC6A96BD5A}
	EndProjectSection
EndProject
Project("{9A19103F-16F7-4668-BE54-9A1E7A4F7556}") = "AdminService.Domain", "AdminService.Domain\AdminService.Domain.csproj", "{E74B6017-FB7C-4F02-B10E-49FC6A96BD5A}"
EndProject
Project("{9A19103F-16F7-4668-BE54-9A1E7A4F7556}") = "AdminService.Infraestructure", "AdminService.Infraestructure\AdminService.Infraestructure.csproj", "{32DED3C8-A38C-4FE1-BEA8-AA834279F45D}"
	ProjectSection(ProjectDependencies) = postProject
		{E74B6017-FB7C-4F02-B10E-49FC6A96BD5A} = {E74B6017-FB7C-4F02-B10E-49FC6A96BD5A}
	EndProjectSection
EndProject
Project("{2150E333-8FDC-42A3-9474-1A3956D46DE8}") = "VerificationService", "VerificationService", "{B0008CE2-53BB-4B79-9033-ECD6A916C0D5}"
EndProject
Project("{9A19103F-16F7-4668-BE54-9A1E7A4F7556}") = "VerificationService.API", "VerificationService.API\VerificationService.API.csproj", "{8EA3A343-3715-4BC8-B645-563961776BC3}"
EndProject
Project("{9A19103F-16F7-4668-BE54-9A1E7A4F7556}") = "VerificationService.Application", "VerificationService.Application\VerificationService.Application.csproj", "{CDBCD3D7-B547-4520-8022-22B9F1E71185}"
EndProject
Project("{9A19103F-16F7-4668-BE54-9A1E7A4F7556}") = "VerificationService.Domain", "VerificationService.Domain\VerificationService.Domain.csproj", "{48F0FB95-B97E-42AB-8909-647D91DFBAD6}"
EndProject
Project("{9A19103F-16F7-4668-BE54-9A1E7A4F7556}") = "Verification.Infraestructure", "Verification.Infraestructure\Verification.Infraestructure.csproj", "{3329FC0E-518C-4A55-B25B-A2B1F75FF4DF}"
EndProject
Project("{2150E333-8FDC-42A3-9474-1A3956D46DE8}") = "SalesService", "SalesService", "{1762E22D-AAF4-4BAB-9B84-0D8D5F230DB9}"
EndProject
Project("{9A19103F-16F7-4668-BE54-9A1E7A4F7556}") = "SalesService.API", "SalesService.API\SalesService.API.csproj", "{0CA28552-B4BE-4470-BCA9-BD83BE5F1758}"
EndProject
Project("{9A19103F-16F7-4668-BE54-9A1E7A4F7556}") = "SalesService.Application", "SalesService.Application\SalesService.Application.csproj", "{DDD6A043-C291-4B05-94C8-F7AC1330DB78}"
EndProject
Project("{9A19103F-16F7-4668-BE54-9A1E7A4F7556}") = "SalesService.Domain", "SalesService.Domain\SalesService.Domain.csproj", "{05D593B8-3893-4A28-9F64-7F643ACE8945}"
EndProject
Project("{9A19103F-16F7-4668-BE54-9A1E7A4F7556}") = "SalesService.Infraestructure", "SalesService.Infraestructure\SalesService.Infraestructure.csproj", "{C13F73AE-CF2C-4FB1-BEE2-5302383F1BBB}"
EndProject
Project("{2150E333-8FDC-42A3-9474-1A3956D46DE8}") = "Docker-Compose", "Docker-Compose", "{3A1772BA-CBC5-428F-8AEE-2E62672F4B12}"
	ProjectSection(SolutionItems) = preProject
		docker-compose.yml = docker-compose.yml
		init.sql = init.sql
	EndProjectSection
EndProject
Global
	GlobalSection(SolutionConfigurationPlatforms) = preSolution
		Debug|Any CPU = Debug|Any CPU
		Release|Any CPU = Release|Any CPU
	EndGlobalSection
	GlobalSection(ProjectConfigurationPlatforms) = postSolution
		{C565D9A0-CA71-4747-A66D-E963DA1F915D}.Debug|Any CPU.ActiveCfg = Debug|Any CPU
		{C565D9A0-CA71-4747-A66D-E963DA1F915D}.Debug|Any CPU.Build.0 = Debug|Any CPU
		{C565D9A0-CA71-4747-A66D-E963DA1F915D}.Release|Any CPU.ActiveCfg = Release|Any CPU
		{C565D9A0-CA71-4747-A66D-E963DA1F915D}.Release|Any CPU.Build.0 = Release|Any CPU
		{05DACEAC-7C0A-4263-AABF-3FC4F4FA5C38}.Debug|Any CPU.ActiveCfg = Debug|Any CPU
		{05DACEAC-7C0A-4263-AABF-3FC4F4FA5C38}.Debug|Any CPU.Build.0 = Debug|Any CPU
		{05DACEAC-7C0A-4263-AABF-3FC4F4FA5C38}.Release|Any CPU.ActiveCfg = Release|Any CPU
		{05DACEAC-7C0A-4263-AABF-3FC4F4FA5C38}.Release|Any CPU.Build.0 = Release|Any CPU
		{071E89BF-2E66-4C07-9C45-69B3B85C2301}.Debug|Any CPU.ActiveCfg = Debug|Any CPU
		{071E89BF-2E66-4C07-9C45-69B3B85C2301}.Debug|Any CPU.Build.0 = Debug|Any CPU
		{071E89BF-2E66-4C07-9C45-69B3B85C2301}.Release|Any CPU.ActiveCfg = Release|Any CPU
		{071E89BF-2E66-4C07-9C45-69B3B85C2301}.Release|Any CPU.Build.0 = Release|Any CPU
		{094504BB-769E-4EA9-A6ED-2D2E4E64932C}.Debug|Any CPU.ActiveCfg = Debug|Any CPU
		{094504BB-769E-4EA9-A6ED-2D2E4E64932C}.Debug|Any CPU.Build.0 = Debug|Any CPU
		{094504BB-769E-4EA9-A6ED-2D2E4E64932C}.Release|Any CPU.ActiveCfg = Release|Any CPU
		{094504BB-769E-4EA9-A6ED-2D2E4E64932C}.Release|Any CPU.Build.0 = Release|Any CPU
		{6054CD7E-D890-4A7D-B60E-CAC690F06F05}.Debug|Any CPU.ActiveCfg = Debug|Any CPU
		{6054CD7E-D890-4A7D-B60E-CAC690F06F05}.Debug|Any CPU.Build.0 = Debug|Any CPU
		{6054CD7E-D890-4A7D-B60E-CAC690F06F05}.Release|Any CPU.ActiveCfg = Release|Any CPU
		{6054CD7E-D890-4A7D-B60E-CAC690F06F05}.Release|Any CPU.Build.0 = Release|Any CPU
		{0316FEEE-033F-42C9-A8EC-20051A0DCD01}.Debug|Any CPU.ActiveCfg = Debug|Any CPU
		{0316FEEE-033F-42C9-A8EC-20051A0DCD01}.Debug|Any CPU.Build.0 = Debug|Any CPU
		{0316FEEE-033F-42C9-A8EC-20051A0DCD01}.Release|Any CPU.ActiveCfg = Release|Any CPU
		{0316FEEE-033F-42C9-A8EC-20051A0DCD01}.Release|Any CPU.Build.0 = Release|Any CPU
		{680D8233-093E-49E6-8A46-8DBF274D056A}.Debug|Any CPU.ActiveCfg = Debug|Any CPU
		{680D8233-093E-49E6-8A46-8DBF274D056A}.Debug|Any CPU.Build.0 = Debug|Any CPU
		{680D8233-093E-49E6-8A46-8DBF274D056A}.Release|Any CPU.ActiveCfg = Release|Any CPU
		{680D8233-093E-49E6-8A46-8DBF274D056A}.Release|Any CPU.Build.0 = Release|Any CPU
		{9652FF70-CC8C-4ECB-845A-A0BC2A07DC5A}.Debug|Any CPU.ActiveCfg = Debug|Any CPU
		{9652FF70-CC8C-4ECB-845A-A0BC2A07DC5A}.Debug|Any CPU.Build.0 = Debug|Any CPU
		{9652FF70-CC8C-4ECB-845A-A0BC2A07DC5A}.Release|Any CPU.ActiveCfg = Release|Any CPU
		{9652FF70-CC8C-4ECB-845A-A0BC2A07DC5A}.Release|Any CPU.Build.0 = Release|Any CPU
		{E43E125E-96B9-410C-8172-73FECCDD9DDB}.Debug|Any CPU.ActiveCfg = Debug|Any CPU
		{E43E125E-96B9-410C-8172-73FECCDD9DDB}.Debug|Any CPU.Build.0 = Debug|Any CPU
		{E43E125E-96B9-410C-8172-73FECCDD9DDB}.Release|Any CPU.ActiveCfg = Release|Any CPU
		{E43E125E-96B9-410C-8172-73FECCDD9DDB}.Release|Any CPU.Build.0 = Release|Any CPU
		{1EFDE6A3-CFE5-488C-B810-7FAE9B312EFB}.Debug|Any CPU.ActiveCfg = Debug|Any CPU
		{1EFDE6A3-CFE5-488C-B810-7FAE9B312EFB}.Debug|Any CPU.Build.0 = Debug|Any CPU
		{1EFDE6A3-CFE5-488C-B810-7FAE9B312EFB}.Release|Any CPU.ActiveCfg = Release|Any CPU
		{1EFDE6A3-CFE5-488C-B810-7FAE9B312EFB}.Release|Any CPU.Build.0 = Release|Any CPU
		{1EF4FC0E-4053-4684-9967-13DEEC9451C1}.Debug|Any CPU.ActiveCfg = Debug|Any CPU
		{1EF4FC0E-4053-4684-9967-13DEEC9451C1}.Debug|Any CPU.Build.0 = Debug|Any CPU
		{1EF4FC0E-4053-4684-9967-13DEEC9451C1}.Release|Any CPU.ActiveCfg = Release|Any CPU
		{1EF4FC0E-4053-4684-9967-13DEEC9451C1}.Release|Any CPU.Build.0 = Release|Any CPU
		{872D9FC2-C57D-45D8-B8DB-F66612D3D37F}.Debug|Any CPU.ActiveCfg = Debug|Any CPU
		{872D9FC2-C57D-45D8-B8DB-F66612D3D37F}.Debug|Any CPU.Build.0 = Debug|Any CPU
		{872D9FC2-C57D-45D8-B8DB-F66612D3D37F}.Release|Any CPU.ActiveCfg = Release|Any CPU
		{872D9FC2-C57D-45D8-B8DB-F66612D3D37F}.Release|Any CPU.Build.0 = Release|Any CPU
		{80B25873-AC22-41FC-8A8F-B79398FCAE01}.Debug|Any CPU.ActiveCfg = Debug|Any CPU
		{80B25873-AC22-41FC-8A8F-B79398FCAE01}.Debug|Any CPU.Build.0 = Debug|Any CPU
		{80B25873-AC22-41FC-8A8F-B79398FCAE01}.Release|Any CPU.ActiveCfg = Release|Any CPU
		{80B25873-AC22-41FC-8A8F-B79398FCAE01}.Release|Any CPU.Build.0 = Release|Any CPU
		{108CF87E-9C15-4986-97BB-406CDBF5E62B}.Debug|Any CPU.ActiveCfg = Debug|Any CPU
		{108CF87E-9C15-4986-97BB-406CDBF5E62B}.Debug|Any CPU.Build.0 = Debug|Any CPU
		{108CF87E-9C15-4986-97BB-406CDBF5E62B}.Release|Any CPU.ActiveCfg = Release|Any CPU
		{108CF87E-9C15-4986-97BB-406CDBF5E62B}.Release|Any CPU.Build.0 = Release|Any CPU
		{413B5D76-42E7-43D4-AA13-0625C3952563}.Debug|Any CPU.ActiveCfg = Debug|Any CPU
		{413B5D76-42E7-43D4-AA13-0625C3952563}.Debug|Any CPU.Build.0 = Debug|Any CPU
		{413B5D76-42E7-43D4-AA13-0625C3952563}.Release|Any CPU.ActiveCfg = Release|Any CPU
		{413B5D76-42E7-43D4-AA13-0625C3952563}.Release|Any CPU.Build.0 = Release|Any CPU
		{16726529-D852-4182-A4E3-981270A3CC57}.Debug|Any CPU.ActiveCfg = Debug|Any CPU
		{16726529-D852-4182-A4E3-981270A3CC57}.Debug|Any CPU.Build.0 = Debug|Any CPU
		{16726529-D852-4182-A4E3-981270A3CC57}.Release|Any CPU.ActiveCfg = Release|Any CPU
		{16726529-D852-4182-A4E3-981270A3CC57}.Release|Any CPU.Build.0 = Release|Any CPU
		{E74B6017-FB7C-4F02-B10E-49FC6A96BD5A}.Debug|Any CPU.ActiveCfg = Debug|Any CPU
		{E74B6017-FB7C-4F02-B10E-49FC6A96BD5A}.Debug|Any CPU.Build.0 = Debug|Any CPU
		{E74B6017-FB7C-4F02-B10E-49FC6A96BD5A}.Release|Any CPU.ActiveCfg = Release|Any CPU
		{E74B6017-FB7C-4F02-B10E-49FC6A96BD5A}.Release|Any CPU.Build.0 = Release|Any CPU
		{32DED3C8-A38C-4FE1-BEA8-AA834279F45D}.Debug|Any CPU.ActiveCfg = Debug|Any CPU
		{32DED3C8-A38C-4FE1-BEA8-AA834279F45D}.Debug|Any CPU.Build.0 = Debug|Any CPU
		{32DED3C8-A38C-4FE1-BEA8-AA834279F45D}.Release|Any CPU.ActiveCfg = Release|Any CPU
		{32DED3C8-A38C-4FE1-BEA8-AA834279F45D}.Release|Any CPU.Build.0 = Release|Any CPU
		{8EA3A343-3715-4BC8-B645-563961776BC3}.Debug|Any CPU.ActiveCfg = Debug|Any CPU
		{8EA3A343-3715-4BC8-B645-563961776BC3}.Debug|Any CPU.Build.0 = Debug|Any CPU
		{8EA3A343-3715-4BC8-B645-563961776BC3}.Release|Any CPU.ActiveCfg = Release|Any CPU
		{8EA3A343-3715-4BC8-B645-563961776BC3}.Release|Any CPU.Build.0 = Release|Any CPU
		{CDBCD3D7-B547-4520-8022-22B9F1E71185}.Debug|Any CPU.ActiveCfg = Debug|Any CPU
		{CDBCD3D7-B547-4520-8022-22B9F1E71185}.Debug|Any CPU.Build.0 = Debug|Any CPU
		{CDBCD3D7-B547-4520-8022-22B9F1E71185}.Release|Any CPU.ActiveCfg = Release|Any CPU
		{CDBCD3D7-B547-4520-8022-22B9F1E71185}.Release|Any CPU.Build.0 = Release|Any CPU
		{48F0FB95-B97E-42AB-8909-647D91DFBAD6}.Debug|Any CPU.ActiveCfg = Debug|Any CPU
		{48F0FB95-B97E-42AB-8909-647D91DFBAD6}.Debug|Any CPU.Build.0 = Debug|Any CPU
		{48F0FB95-B97E-42AB-8909-647D91DFBAD6}.Release|Any CPU.ActiveCfg = Release|Any CPU
		{48F0FB95-B97E-42AB-8909-647D91DFBAD6}.Release|Any CPU.Build.0 = Release|Any CPU
		{3329FC0E-518C-4A55-B25B-A2B1F75FF4DF}.Debug|Any CPU.ActiveCfg = Debug|Any CPU
		{3329FC0E-518C-4A55-B25B-A2B1F75FF4DF}.Debug|Any CPU.Build.0 = Debug|Any CPU
		{3329FC0E-518C-4A55-B25B-A2B1F75FF4DF}.Release|Any CPU.ActiveCfg = Release|Any CPU
		{3329FC0E-518C-4A55-B25B-A2B1F75FF4DF}.Release|Any CPU.Build.0 = Release|Any CPU
		{0CA28552-B4BE-4470-BCA9-BD83BE5F1758}.Debug|Any CPU.ActiveCfg = Debug|Any CPU
		{0CA28552-B4BE-4470-BCA9-BD83BE5F1758}.Debug|Any CPU.Build.0 = Debug|Any CPU
		{0CA28552-B4BE-4470-BCA9-BD83BE5F1758}.Release|Any CPU.ActiveCfg = Release|Any CPU
		{0CA28552-B4BE-4470-BCA9-BD83BE5F1758}.Release|Any CPU.Build.0 = Release|Any CPU
		{DDD6A043-C291-4B05-94C8-F7AC1330DB78}.Debug|Any CPU.ActiveCfg = Debug|Any CPU
		{DDD6A043-C291-4B05-94C8-F7AC1330DB78}.Debug|Any CPU.Build.0 = Debug|Any CPU
		{DDD6A043-C291-4B05-94C8-F7AC1330DB78}.Release|Any CPU.ActiveCfg = Release|Any CPU
		{DDD6A043-C291-4B05-94C8-F7AC1330DB78}.Release|Any CPU.Build.0 = Release|Any CPU
		{05D593B8-3893-4A28-9F64-7F643ACE8945}.Debug|Any CPU.ActiveCfg = Debug|Any CPU
		{05D593B8-3893-4A28-9F64-7F643ACE8945}.Debug|Any CPU.Build.0 = Debug|Any CPU
		{05D593B8-3893-4A28-9F64-7F643ACE8945}.Release|Any CPU.ActiveCfg = Release|Any CPU
		{05D593B8-3893-4A28-9F64-7F643ACE8945}.Release|Any CPU.Build.0 = Release|Any CPU
		{C13F73AE-CF2C-4FB1-BEE2-5302383F1BBB}.Debug|Any CPU.ActiveCfg = Debug|Any CPU
		{C13F73AE-CF2C-4FB1-BEE2-5302383F1BBB}.Debug|Any CPU.Build.0 = Debug|Any CPU
		{C13F73AE-CF2C-4FB1-BEE2-5302383F1BBB}.Release|Any CPU.ActiveCfg = Release|Any CPU
		{C13F73AE-CF2C-4FB1-BEE2-5302383F1BBB}.Release|Any CPU.Build.0 = Release|Any CPU
	EndGlobalSection
	GlobalSection(SolutionProperties) = preSolution
		HideSolutionNode = FALSE
	EndGlobalSection
	GlobalSection(NestedProjects) = preSolution
		{C565D9A0-CA71-4747-A66D-E963DA1F915D} = {27DC8318-6252-4E64-85C8-08AB9ECD70EB}
		{55EFE571-D6FE-4DCA-9E3A-0356B51E860E} = {BE65E733-1EB0-450B-AC7E-C40B8D2B95B3}
		{05DACEAC-7C0A-4263-AABF-3FC4F4FA5C38} = {55EFE571-D6FE-4DCA-9E3A-0356B51E860E}
		{6D0E75C9-385B-4EEA-A54A-7A2F380D3034} = {BE65E733-1EB0-450B-AC7E-C40B8D2B95B3}
		{2FC4BAEF-29BE-4C01-A4C9-057BEED06869} = {6D0E75C9-385B-4EEA-A54A-7A2F380D3034}
		{071E89BF-2E66-4C07-9C45-69B3B85C2301} = {2FC4BAEF-29BE-4C01-A4C9-057BEED06869}
		{094504BB-769E-4EA9-A6ED-2D2E4E64932C} = {2FC4BAEF-29BE-4C01-A4C9-057BEED06869}
		{6054CD7E-D890-4A7D-B60E-CAC690F06F05} = {2FC4BAEF-29BE-4C01-A4C9-057BEED06869}
		{0316FEEE-033F-42C9-A8EC-20051A0DCD01} = {2FC4BAEF-29BE-4C01-A4C9-057BEED06869}
		{49366753-F7EB-42EC-B789-F093858F4DE9} = {6D0E75C9-385B-4EEA-A54A-7A2F380D3034}
		{680D8233-093E-49E6-8A46-8DBF274D056A} = {49366753-F7EB-42EC-B789-F093858F4DE9}
		{9652FF70-CC8C-4ECB-845A-A0BC2A07DC5A} = {49366753-F7EB-42EC-B789-F093858F4DE9}
		{E43E125E-96B9-410C-8172-73FECCDD9DDB} = {49366753-F7EB-42EC-B789-F093858F4DE9}
		{1EFDE6A3-CFE5-488C-B810-7FAE9B312EFB} = {49366753-F7EB-42EC-B789-F093858F4DE9}
		{1FA4D16D-486C-44A9-A0BA-23C14C13498C} = {6D0E75C9-385B-4EEA-A54A-7A2F380D3034}
		{1EF4FC0E-4053-4684-9967-13DEEC9451C1} = {1FA4D16D-486C-44A9-A0BA-23C14C13498C}
		{872D9FC2-C57D-45D8-B8DB-F66612D3D37F} = {1FA4D16D-486C-44A9-A0BA-23C14C13498C}
		{80B25873-AC22-41FC-8A8F-B79398FCAE01} = {1FA4D16D-486C-44A9-A0BA-23C14C13498C}
		{108CF87E-9C15-4986-97BB-406CDBF5E62B} = {1FA4D16D-486C-44A9-A0BA-23C14C13498C}
		{49462C70-46CA-4A5F-9616-1C209EEE0922} = {6D0E75C9-385B-4EEA-A54A-7A2F380D3034}
		{413B5D76-42E7-43D4-AA13-0625C3952563} = {49462C70-46CA-4A5F-9616-1C209EEE0922}
		{16726529-D852-4182-A4E3-981270A3CC57} = {49462C70-46CA-4A5F-9616-1C209EEE0922}
		{E74B6017-FB7C-4F02-B10E-49FC6A96BD5A} = {49462C70-46CA-4A5F-9616-1C209EEE0922}
		{32DED3C8-A38C-4FE1-BEA8-AA834279F45D} = {49462C70-46CA-4A5F-9616-1C209EEE0922}
		{B0008CE2-53BB-4B79-9033-ECD6A916C0D5} = {6D0E75C9-385B-4EEA-A54A-7A2F380D3034}
		{8EA3A343-3715-4BC8-B645-563961776BC3} = {B0008CE2-53BB-4B79-9033-ECD6A916C0D5}
		{CDBCD3D7-B547-4520-8022-22B9F1E71185} = {B0008CE2-53BB-4B79-9033-ECD6A916C0D5}
		{48F0FB95-B97E-42AB-8909-647D91DFBAD6} = {B0008CE2-53BB-4B79-9033-ECD6A916C0D5}
		{3329FC0E-518C-4A55-B25B-A2B1F75FF4DF} = {B0008CE2-53BB-4B79-9033-ECD6A916C0D5}
		{1762E22D-AAF4-4BAB-9B84-0D8D5F230DB9} = {6D0E75C9-385B-4EEA-A54A-7A2F380D3034}
		{0CA28552-B4BE-4470-BCA9-BD83BE5F1758} = {1762E22D-AAF4-4BAB-9B84-0D8D5F230DB9}
		{DDD6A043-C291-4B05-94C8-F7AC1330DB78} = {1762E22D-AAF4-4BAB-9B84-0D8D5F230DB9}
		{05D593B8-3893-4A28-9F64-7F643ACE8945} = {1762E22D-AAF4-4BAB-9B84-0D8D5F230DB9}
		{C13F73AE-CF2C-4FB1-BEE2-5302383F1BBB} = {1762E22D-AAF4-4BAB-9B84-0D8D5F230DB9}
		{3A1772BA-CBC5-428F-8AEE-2E62672F4B12} = {BE65E733-1EB0-450B-AC7E-C40B8D2B95B3}
	EndGlobalSection
	GlobalSection(ExtensibilityGlobals) = postSolution
		SolutionGuid = {F0650A93-70B3-4473-A8F5-1F4758BF874D}
	EndGlobalSection
EndGlobal
